
Microsoft Visual Studio Solution File, Format Version 11.00
# Visual Studio 2010
Project("{FAE04EC0-301F-11D3-BF4B-00C04F79EFBC}") = "Assembly-CSharp", "Assembly-CSharp.csproj", "{1806f207-7185-74e0-474f-a2e40d237ddc}"
EndProject
Global
	GlobalSection(SolutionConfigurationPlatforms) = preSolution
		Debug|Any CPU = Debug|Any CPU
		Release|Any CPU = Release|Any CPU
	EndGlobalSection
	GlobalSection(ProjectConfigurationPlatforms) = postSolution
		{1806f207-7185-74e0-474f-a2e40d237ddc}.Debug|Any CPU.ActiveCfg = Debug|Any CPU
		{1806f207-7185-74e0-474f-a2e40d237ddc}.Debug|Any CPU.Build.0 = Debug|Any CPU
		{1806f207-7185-74e0-474f-a2e40d237ddc}.Release|Any CPU.ActiveCfg = Release|Any CPU
		{1806f207-7185-74e0-474f-a2e40d237ddc}.Release|Any CPU.Build.0 = Release|Any CPU
	EndGlobalSection
	GlobalSection(SolutionProperties) = preSolution
		HideSolutionNode = FALSE
	EndGlobalSection
EndGlobal
